// !$*UTF8*$!
{
	archiveVersion = 1;
	classes = {
	};
	objectVersion = 46;
	objects = {

/* Begin PBXBuildFile section */
		0163C905BE7D0BEC9E5B3DF0 /* libPods-45_Client_Server_APIs_DZ.a in Frameworks */ = {isa = PBXBuildFile; fileRef = 827C45AE65A9EDB4FC9DDA24 /* libPods-45_Client_Server_APIs_DZ.a */; };
		523F93AF1D0EB11A007203C0 /* SiSGroup.m in Sources */ = {isa = PBXBuildFile; fileRef = 523F93AE1D0EB11A007203C0 /* SiSGroup.m */; };
		523F93B21D1062D8007203C0 /* SiSPost.m in Sources */ = {isa = PBXBuildFile; fileRef = 523F93B11D1062D8007203C0 /* SiSPost.m */; };
		523F93B51D106597007203C0 /* SiSPostCell.m in Sources */ = {isa = PBXBuildFile; fileRef = 523F93B41D106597007203C0 /* SiSPostCell.m */; };
		52EC70A81D057F62001F8047 /* main.m in Sources */ = {isa = PBXBuildFile; fileRef = 52EC70A71D057F62001F8047 /* main.m */; };
		52EC70AB1D057F62001F8047 /* AppDelegate.m in Sources */ = {isa = PBXBuildFile; fileRef = 52EC70AA1D057F62001F8047 /* AppDelegate.m */; };
		52EC70B11D057F62001F8047 /* Main.storyboard in Resources */ = {isa = PBXBuildFile; fileRef = 52EC70AF1D057F62001F8047 /* Main.storyboard */; };
		52EC70B31D057F62001F8047 /* Assets.xcassets in Resources */ = {isa = PBXBuildFile; fileRef = 52EC70B21D057F62001F8047 /* Assets.xcassets */; };
		52EC70B61D057F62001F8047 /* LaunchScreen.storyboard in Resources */ = {isa = PBXBuildFile; fileRef = 52EC70B41D057F62001F8047 /* LaunchScreen.storyboard */; };
		52EC70C11D057F62001F8047 /* _5_Client_Server_APIs_DZTests.m in Sources */ = {isa = PBXBuildFile; fileRef = 52EC70C01D057F62001F8047 /* _5_Client_Server_APIs_DZTests.m */; };
		52EC70CC1D057F62001F8047 /* _5_Client_Server_APIs_DZUITests.m in Sources */ = {isa = PBXBuildFile; fileRef = 52EC70CB1D057F62001F8047 /* _5_Client_Server_APIs_DZUITests.m */; };
		52EC70DB1D057FCE001F8047 /* SiSFriendsTableViewController.m in Sources */ = {isa = PBXBuildFile; fileRef = 52EC70DA1D057FCE001F8047 /* SiSFriendsTableViewController.m */; };
		52EC70DE1D058284001F8047 /* SiSServerManager.m in Sources */ = {isa = PBXBuildFile; fileRef = 52EC70DD1D058284001F8047 /* SiSServerManager.m */; };
		52EC70E31D058B3A001F8047 /* SiSFriend.m in Sources */ = {isa = PBXBuildFile; fileRef = 52EC70E21D058B3A001F8047 /* SiSFriend.m */; };
		52EC70E51D0590B9001F8047 /* preview.gif in Resources */ = {isa = PBXBuildFile; fileRef = 52EC70E41D0590B9001F8047 /* preview.gif */; };
		52EC70E91D059352001F8047 /* preview_50.png in Resources */ = {isa = PBXBuildFile; fileRef = 52EC70E81D059352001F8047 /* preview_50.png */; };
		52EC70EC1D05E92A001F8047 /* SiSFriendDetails.m in Sources */ = {isa = PBXBuildFile; fileRef = 52EC70EB1D05E92A001F8047 /* SiSFriendDetails.m */; };
		52EC70EF1D06CE4A001F8047 /* SiSInfoCellTableViewCell.m in Sources */ = {isa = PBXBuildFile; fileRef = 52EC70EE1D06CE4A001F8047 /* SiSInfoCellTableViewCell.m */; };
		52EC713B1D09E0AD001F8047 /* SiSButtonTableViewCell.m in Sources */ = {isa = PBXBuildFile; fileRef = 52EC713A1D09E0AD001F8047 /* SiSButtonTableViewCell.m */; };
		52EC71421D0AA9D2001F8047 /* SiSFollowers.m in Sources */ = {isa = PBXBuildFile; fileRef = 52EC71411D0AA9D2001F8047 /* SiSFollowers.m */; };
		52EC71451D0AAB63001F8047 /* SiSSubscriptions.m in Sources */ = {isa = PBXBuildFile; fileRef = 52EC71441D0AAB63001F8047 /* SiSSubscriptions.m */; };
		52EC71481D0AC6A8001F8047 /* SiSDefaultFrinedCell.m in Sources */ = {isa = PBXBuildFile; fileRef = 52EC71471D0AC6A8001F8047 /* SiSDefaultFrinedCell.m */; };
/* End PBXBuildFile section */

/* Begin PBXContainerItemProxy section */
		52EC70BD1D057F62001F8047 /* PBXContainerItemProxy */ = {
			isa = PBXContainerItemProxy;
			containerPortal = 52EC709B1D057F61001F8047 /* Project object */;
			proxyType = 1;
			remoteGlobalIDString = 52EC70A21D057F62001F8047;
			remoteInfo = 45_Client_Server_APIs_DZ;
		};
		52EC70C81D057F62001F8047 /* PBXContainerItemProxy */ = {
			isa = PBXContainerItemProxy;
			containerPortal = 52EC709B1D057F61001F8047 /* Project object */;
			proxyType = 1;
			remoteGlobalIDString = 52EC70A21D057F62001F8047;
			remoteInfo = 45_Client_Server_APIs_DZ;
		};
/* End PBXContainerItemProxy section */

/* Begin PBXFileReference section */
		523F93AD1D0EB11A007203C0 /* SiSGroup.h */ = {isa = PBXFileReference; fileEncoding = 4; lastKnownFileType = sourcecode.c.h; path = SiSGroup.h; sourceTree = "<group>"; };
		523F93AE1D0EB11A007203C0 /* SiSGroup.m */ = {isa = PBXFileReference; fileEncoding = 4; lastKnownFileType = sourcecode.c.objc; path = SiSGroup.m; sourceTree = "<group>"; };
		523F93B01D1062D8007203C0 /* SiSPost.h */ = {isa = PBXFileReference; fileEncoding = 4; lastKnownFileType = sourcecode.c.h; path = SiSPost.h; sourceTree = "<group>"; };
		523F93B11D1062D8007203C0 /* SiSPost.m */ = {isa = PBXFileReference; fileEncoding = 4; lastKnownFileType = sourcecode.c.objc; path = SiSPost.m; sourceTree = "<group>"; };
		523F93B31D106597007203C0 /* SiSPostCell.h */ = {isa = PBXFileReference; fileEncoding = 4; lastKnownFileType = sourcecode.c.h; path = SiSPostCell.h; sourceTree = "<group>"; };
		523F93B41D106597007203C0 /* SiSPostCell.m */ = {isa = PBXFileReference; fileEncoding = 4; lastKnownFileType = sourcecode.c.objc; path = SiSPostCell.m; sourceTree = "<group>"; };
		52EC70A31D057F62001F8047 /* 45_Client_Server_APIs_DZ.app */ = {isa = PBXFileReference; explicitFileType = wrapper.application; includeInIndex = 0; path = 45_Client_Server_APIs_DZ.app; sourceTree = BUILT_PRODUCTS_DIR; };
		52EC70A71D057F62001F8047 /* main.m */ = {isa = PBXFileReference; lastKnownFileType = sourcecode.c.objc; path = main.m; sourceTree = "<group>"; };
		52EC70A91D057F62001F8047 /* AppDelegate.h */ = {isa = PBXFileReference; lastKnownFileType = sourcecode.c.h; path = AppDelegate.h; sourceTree = "<group>"; };
		52EC70AA1D057F62001F8047 /* AppDelegate.m */ = {isa = PBXFileReference; lastKnownFileType = sourcecode.c.objc; path = AppDelegate.m; sourceTree = "<group>"; };
		52EC70B01D057F62001F8047 /* Base */ = {isa = PBXFileReference; lastKnownFileType = file.storyboard; name = Base; path = Base.lproj/Main.storyboard; sourceTree = "<group>"; };
		52EC70B21D057F62001F8047 /* Assets.xcassets */ = {isa = PBXFileReference; lastKnownFileType = folder.assetcatalog; path = Assets.xcassets; sourceTree = "<group>"; };
		52EC70B51D057F62001F8047 /* Base */ = {isa = PBXFileReference; lastKnownFileType = file.storyboard; name = Base; path = Base.lproj/LaunchScreen.storyboard; sourceTree = "<group>"; };
		52EC70B71D057F62001F8047 /* Info.plist */ = {isa = PBXFileReference; lastKnownFileType = text.plist.xml; path = Info.plist; sourceTree = "<group>"; };
		52EC70BC1D057F62001F8047 /* 45_Client_Server_APIs_DZTests.xctest */ = {isa = PBXFileReference; explicitFileType = wrapper.cfbundle; includeInIndex = 0; path = 45_Client_Server_APIs_DZTests.xctest; sourceTree = BUILT_PRODUCTS_DIR; };
		52EC70C01D057F62001F8047 /* _5_Client_Server_APIs_DZTests.m */ = {isa = PBXFileReference; lastKnownFileType = sourcecode.c.objc; path = _5_Client_Server_APIs_DZTests.m; sourceTree = "<group>"; };
		52EC70C21D057F62001F8047 /* Info.plist */ = {isa = PBXFileReference; lastKnownFileType = text.plist.xml; path = Info.plist; sourceTree = "<group>"; };
		52EC70C71D057F62001F8047 /* 45_Client_Server_APIs_DZUITests.xctest */ = {isa = PBXFileReference; explicitFileType = wrapper.cfbundle; includeInIndex = 0; path = 45_Client_Server_APIs_DZUITests.xctest; sourceTree = BUILT_PRODUCTS_DIR; };
		52EC70CB1D057F62001F8047 /* _5_Client_Server_APIs_DZUITests.m */ = {isa = PBXFileReference; lastKnownFileType = sourcecode.c.objc; path = _5_Client_Server_APIs_DZUITests.m; sourceTree = "<group>"; };
		52EC70CD1D057F62001F8047 /* Info.plist */ = {isa = PBXFileReference; lastKnownFileType = text.plist.xml; path = Info.plist; sourceTree = "<group>"; };
		52EC70D91D057FCE001F8047 /* SiSFriendsTableViewController.h */ = {isa = PBXFileReference; fileEncoding = 4; lastKnownFileType = sourcecode.c.h; path = SiSFriendsTableViewController.h; sourceTree = "<group>"; };
		52EC70DA1D057FCE001F8047 /* SiSFriendsTableViewController.m */ = {isa = PBXFileReference; fileEncoding = 4; lastKnownFileType = sourcecode.c.objc; path = SiSFriendsTableViewController.m; sourceTree = "<group>"; };
		52EC70DC1D058284001F8047 /* SiSServerManager.h */ = {isa = PBXFileReference; fileEncoding = 4; lastKnownFileType = sourcecode.c.h; path = SiSServerManager.h; sourceTree = "<group>"; };
		52EC70DD1D058284001F8047 /* SiSServerManager.m */ = {isa = PBXFileReference; fileEncoding = 4; lastKnownFileType = sourcecode.c.objc; path = SiSServerManager.m; sourceTree = "<group>"; };
		52EC70E11D058B3A001F8047 /* SiSFriend.h */ = {isa = PBXFileReference; fileEncoding = 4; lastKnownFileType = sourcecode.c.h; path = SiSFriend.h; sourceTree = "<group>"; };
		52EC70E21D058B3A001F8047 /* SiSFriend.m */ = {isa = PBXFileReference; fileEncoding = 4; lastKnownFileType = sourcecode.c.objc; path = SiSFriend.m; sourceTree = "<group>"; };
		52EC70E41D0590B9001F8047 /* preview.gif */ = {isa = PBXFileReference; lastKnownFileType = image.gif; path = preview.gif; sourceTree = "<group>"; };
		52EC70E81D059352001F8047 /* preview_50.png */ = {isa = PBXFileReference; lastKnownFileType = image.png; path = preview_50.png; sourceTree = "<group>"; };
		52EC70EA1D05E92A001F8047 /* SiSFriendDetails.h */ = {isa = PBXFileReference; fileEncoding = 4; lastKnownFileType = sourcecode.c.h; path = SiSFriendDetails.h; sourceTree = "<group>"; };
		52EC70EB1D05E92A001F8047 /* SiSFriendDetails.m */ = {isa = PBXFileReference; fileEncoding = 4; lastKnownFileType = sourcecode.c.objc; path = SiSFriendDetails.m; sourceTree = "<group>"; };
		52EC70ED1D06CE4A001F8047 /* SiSInfoCellTableViewCell.h */ = {isa = PBXFileReference; fileEncoding = 4; lastKnownFileType = sourcecode.c.h; path = SiSInfoCellTableViewCell.h; sourceTree = "<group>"; };
		52EC70EE1D06CE4A001F8047 /* SiSInfoCellTableViewCell.m */ = {isa = PBXFileReference; fileEncoding = 4; lastKnownFileType = sourcecode.c.objc; path = SiSInfoCellTableViewCell.m; sourceTree = "<group>"; };
		52EC71391D09E0AD001F8047 /* SiSButtonTableViewCell.h */ = {isa = PBXFileReference; fileEncoding = 4; lastKnownFileType = sourcecode.c.h; path = SiSButtonTableViewCell.h; sourceTree = "<group>"; };
		52EC713A1D09E0AD001F8047 /* SiSButtonTableViewCell.m */ = {isa = PBXFileReference; fileEncoding = 4; lastKnownFileType = sourcecode.c.objc; path = SiSButtonTableViewCell.m; sourceTree = "<group>"; };
		52EC71401D0AA9D2001F8047 /* SiSFollowers.h */ = {isa = PBXFileReference; fileEncoding = 4; lastKnownFileType = sourcecode.c.h; path = SiSFollowers.h; sourceTree = "<group>"; };
		52EC71411D0AA9D2001F8047 /* SiSFollowers.m */ = {isa = PBXFileReference; fileEncoding = 4; lastKnownFileType = sourcecode.c.objc; path = SiSFollowers.m; sourceTree = "<group>"; };
		52EC71431D0AAB63001F8047 /* SiSSubscriptions.h */ = {isa = PBXFileReference; fileEncoding = 4; lastKnownFileType = sourcecode.c.h; path = SiSSubscriptions.h; sourceTree = "<group>"; };
		52EC71441D0AAB63001F8047 /* SiSSubscriptions.m */ = {isa = PBXFileReference; fileEncoding = 4; lastKnownFileType = sourcecode.c.objc; path = SiSSubscriptions.m; sourceTree = "<group>"; };
		52EC71461D0AC6A8001F8047 /* SiSDefaultFrinedCell.h */ = {isa = PBXFileReference; fileEncoding = 4; lastKnownFileType = sourcecode.c.h; path = SiSDefaultFrinedCell.h; sourceTree = "<group>"; };
		52EC71471D0AC6A8001F8047 /* SiSDefaultFrinedCell.m */ = {isa = PBXFileReference; fileEncoding = 4; lastKnownFileType = sourcecode.c.objc; path = SiSDefaultFrinedCell.m; sourceTree = "<group>"; };
		827C45AE65A9EDB4FC9DDA24 /* libPods-45_Client_Server_APIs_DZ.a */ = {isa = PBXFileReference; explicitFileType = archive.ar; includeInIndex = 0; path = "libPods-45_Client_Server_APIs_DZ.a"; sourceTree = BUILT_PRODUCTS_DIR; };
		9D005A4EC463EFB8D928A4FB /* Pods-45_Client_Server_APIs_DZ.release.xcconfig */ = {isa = PBXFileReference; includeInIndex = 1; lastKnownFileType = text.xcconfig; name = "Pods-45_Client_Server_APIs_DZ.release.xcconfig"; path = "Pods/Target Support Files/Pods-45_Client_Server_APIs_DZ/Pods-45_Client_Server_APIs_DZ.release.xcconfig"; sourceTree = "<group>"; };
		AEB163A1AC8A8AD10F9C7E8D /* Pods-45_Client_Server_APIs_DZ.debug.xcconfig */ = {isa = PBXFileReference; includeInIndex = 1; lastKnownFileType = text.xcconfig; name = "Pods-45_Client_Server_APIs_DZ.debug.xcconfig"; path = "Pods/Target Support Files/Pods-45_Client_Server_APIs_DZ/Pods-45_Client_Server_APIs_DZ.debug.xcconfig"; sourceTree = "<group>"; };
/* End PBXFileReference section */

/* Begin PBXFrameworksBuildPhase section */
		52EC70A01D057F62001F8047 /* Frameworks */ = {
			isa = PBXFrameworksBuildPhase;
			buildActionMask = 2147483647;
			files = (
				0163C905BE7D0BEC9E5B3DF0 /* libPods-45_Client_Server_APIs_DZ.a in Frameworks */,
			);
			runOnlyForDeploymentPostprocessing = 0;
		};
		52EC70B91D057F62001F8047 /* Frameworks */ = {
			isa = PBXFrameworksBuildPhase;
			buildActionMask = 2147483647;
			files = (
			);
			runOnlyForDeploymentPostprocessing = 0;
		};
		52EC70C41D057F62001F8047 /* Frameworks */ = {
			isa = PBXFrameworksBuildPhase;
			buildActionMask = 2147483647;
			files = (
			);
			runOnlyForDeploymentPostprocessing = 0;
		};
/* End PBXFrameworksBuildPhase section */

/* Begin PBXGroup section */
		01C6D3AD2707E74C54EC6C57 /* Pods */ = {
			isa = PBXGroup;
			children = (
				AEB163A1AC8A8AD10F9C7E8D /* Pods-45_Client_Server_APIs_DZ.debug.xcconfig */,
				9D005A4EC463EFB8D928A4FB /* Pods-45_Client_Server_APIs_DZ.release.xcconfig */,
			);
			name = Pods;
			sourceTree = "<group>";
		};
		52EC709A1D057F61001F8047 = {
			isa = PBXGroup;
			children = (
				52EC70A51D057F62001F8047 /* 45_Client_Server_APIs_DZ */,
				52EC70BF1D057F62001F8047 /* 45_Client_Server_APIs_DZTests */,
				52EC70CA1D057F62001F8047 /* 45_Client_Server_APIs_DZUITests */,
				52EC70A41D057F62001F8047 /* Products */,
				01C6D3AD2707E74C54EC6C57 /* Pods */,
				F032FB0069FB71F404EFE33F /* Frameworks */,
			);
			sourceTree = "<group>";
		};
		52EC70A41D057F62001F8047 /* Products */ = {
			isa = PBXGroup;
			children = (
				52EC70A31D057F62001F8047 /* 45_Client_Server_APIs_DZ.app */,
				52EC70BC1D057F62001F8047 /* 45_Client_Server_APIs_DZTests.xctest */,
				52EC70C71D057F62001F8047 /* 45_Client_Server_APIs_DZUITests.xctest */,
			);
			name = Products;
			sourceTree = "<group>";
		};
		52EC70A51D057F62001F8047 /* 45_Client_Server_APIs_DZ */ = {
			isa = PBXGroup;
			children = (
				52EC70DF1D058295001F8047 /* Models */,
				52EC70F01D06D3AF001F8047 /* Cells */,
				52EC70E01D0582A6001F8047 /* Views */,
				52EC70AF1D057F62001F8047 /* Main.storyboard */,
				52EC70E41D0590B9001F8047 /* preview.gif */,
				52EC70E81D059352001F8047 /* preview_50.png */,
				52EC70B21D057F62001F8047 /* Assets.xcassets */,
				52EC70A91D057F62001F8047 /* AppDelegate.h */,
				52EC70AA1D057F62001F8047 /* AppDelegate.m */,
				52EC70B41D057F62001F8047 /* LaunchScreen.storyboard */,
				52EC70B71D057F62001F8047 /* Info.plist */,
				52EC70A61D057F62001F8047 /* Supporting Files */,
			);
			path = 45_Client_Server_APIs_DZ;
			sourceTree = "<group>";
		};
		52EC70A61D057F62001F8047 /* Supporting Files */ = {
			isa = PBXGroup;
			children = (
				52EC70A71D057F62001F8047 /* main.m */,
			);
			name = "Supporting Files";
			sourceTree = "<group>";
		};
		52EC70BF1D057F62001F8047 /* 45_Client_Server_APIs_DZTests */ = {
			isa = PBXGroup;
			children = (
				52EC70C01D057F62001F8047 /* _5_Client_Server_APIs_DZTests.m */,
				52EC70C21D057F62001F8047 /* Info.plist */,
			);
			path = 45_Client_Server_APIs_DZTests;
			sourceTree = "<group>";
		};
		52EC70CA1D057F62001F8047 /* 45_Client_Server_APIs_DZUITests */ = {
			isa = PBXGroup;
			children = (
				52EC70CB1D057F62001F8047 /* _5_Client_Server_APIs_DZUITests.m */,
				52EC70CD1D057F62001F8047 /* Info.plist */,
			);
			path = 45_Client_Server_APIs_DZUITests;
			sourceTree = "<group>";
		};
		52EC70DF1D058295001F8047 /* Models */ = {
			isa = PBXGroup;
			children = (
				52EC70E11D058B3A001F8047 /* SiSFriend.h */,
				52EC70E21D058B3A001F8047 /* SiSFriend.m */,
				523F93AD1D0EB11A007203C0 /* SiSGroup.h */,
				523F93AE1D0EB11A007203C0 /* SiSGroup.m */,
				523F93B01D1062D8007203C0 /* SiSPost.h */,
				523F93B11D1062D8007203C0 /* SiSPost.m */,
				52EC70DC1D058284001F8047 /* SiSServerManager.h */,
				52EC70DD1D058284001F8047 /* SiSServerManager.m */,
			);
			name = Models;
			sourceTree = "<group>";
		};
		52EC70E01D0582A6001F8047 /* Views */ = {
			isa = PBXGroup;
			children = (
				52EC70D91D057FCE001F8047 /* SiSFriendsTableViewController.h */,
				52EC70DA1D057FCE001F8047 /* SiSFriendsTableViewController.m */,
				52EC70EA1D05E92A001F8047 /* SiSFriendDetails.h */,
				52EC70EB1D05E92A001F8047 /* SiSFriendDetails.m */,
				52EC71401D0AA9D2001F8047 /* SiSFollowers.h */,
				52EC71411D0AA9D2001F8047 /* SiSFollowers.m */,
				52EC71431D0AAB63001F8047 /* SiSSubscriptions.h */,
				52EC71441D0AAB63001F8047 /* SiSSubscriptions.m */,
			);
			name = Views;
			sourceTree = "<group>";
		};
		52EC70F01D06D3AF001F8047 /* Cells */ = {
			isa = PBXGroup;
			children = (
				52EC70ED1D06CE4A001F8047 /* SiSInfoCellTableViewCell.h */,
				52EC70EE1D06CE4A001F8047 /* SiSInfoCellTableViewCell.m */,
				52EC71391D09E0AD001F8047 /* SiSButtonTableViewCell.h */,
				52EC713A1D09E0AD001F8047 /* SiSButtonTableViewCell.m */,
				52EC71461D0AC6A8001F8047 /* SiSDefaultFrinedCell.h */,
				52EC71471D0AC6A8001F8047 /* SiSDefaultFrinedCell.m */,
				523F93B31D106597007203C0 /* SiSPostCell.h */,
				523F93B41D106597007203C0 /* SiSPostCell.m */,
			);
			name = Cells;
			sourceTree = "<group>";
		};
		F032FB0069FB71F404EFE33F /* Frameworks */ = {
			isa = PBXGroup;
			children = (
				827C45AE65A9EDB4FC9DDA24 /* libPods-45_Client_Server_APIs_DZ.a */,
			);
			name = Frameworks;
			sourceTree = "<group>";
		};
/* End PBXGroup section */

/* Begin PBXNativeTarget section */
		52EC70A21D057F62001F8047 /* 45_Client_Server_APIs_DZ */ = {
			isa = PBXNativeTarget;
			buildConfigurationList = 52EC70D01D057F62001F8047 /* Build configuration list for PBXNativeTarget "45_Client_Server_APIs_DZ" */;
			buildPhases = (
				A8EBF7A3233127828797004E /* [CP] Check Pods Manifest.lock */,
				52EC709F1D057F62001F8047 /* Sources */,
				52EC70A01D057F62001F8047 /* Frameworks */,
				52EC70A11D057F62001F8047 /* Resources */,
				8B91C4D7150D781E819DDF51 /* [CP] Embed Pods Frameworks */,
				95807DEE3A133A424577902C /* [CP] Copy Pods Resources */,
			);
			buildRules = (
			);
			dependencies = (
			);
			name = 45_Client_Server_APIs_DZ;
			productName = 45_Client_Server_APIs_DZ;
			productReference = 52EC70A31D057F62001F8047 /* 45_Client_Server_APIs_DZ.app */;
			productType = "com.apple.product-type.application";
		};
		52EC70BB1D057F62001F8047 /* 45_Client_Server_APIs_DZTests */ = {
			isa = PBXNativeTarget;
			buildConfigurationList = 52EC70D31D057F62001F8047 /* Build configuration list for PBXNativeTarget "45_Client_Server_APIs_DZTests" */;
			buildPhases = (
				52EC70B81D057F62001F8047 /* Sources */,
				52EC70B91D057F62001F8047 /* Frameworks */,
				52EC70BA1D057F62001F8047 /* Resources */,
			);
			buildRules = (
			);
			dependencies = (
				52EC70BE1D057F62001F8047 /* PBXTargetDependency */,
			);
			name = 45_Client_Server_APIs_DZTests;
			productName = 45_Client_Server_APIs_DZTests;
			productReference = 52EC70BC1D057F62001F8047 /* 45_Client_Server_APIs_DZTests.xctest */;
			productType = "com.apple.product-type.bundle.unit-test";
		};
		52EC70C61D057F62001F8047 /* 45_Client_Server_APIs_DZUITests */ = {
			isa = PBXNativeTarget;
			buildConfigurationList = 52EC70D61D057F62001F8047 /* Build configuration list for PBXNativeTarget "45_Client_Server_APIs_DZUITests" */;
			buildPhases = (
				52EC70C31D057F62001F8047 /* Sources */,
				52EC70C41D057F62001F8047 /* Frameworks */,
				52EC70C51D057F62001F8047 /* Resources */,
			);
			buildRules = (
			);
			dependencies = (
				52EC70C91D057F62001F8047 /* PBXTargetDependency */,
			);
			name = 45_Client_Server_APIs_DZUITests;
			productName = 45_Client_Server_APIs_DZUITests;
			productReference = 52EC70C71D057F62001F8047 /* 45_Client_Server_APIs_DZUITests.xctest */;
			productType = "com.apple.product-type.bundle.ui-testing";
		};
/* End PBXNativeTarget section */

/* Begin PBXProject section */
		52EC709B1D057F61001F8047 /* Project object */ = {
			isa = PBXProject;
			attributes = {
				CLASSPREFIX = SiS;
				LastUpgradeCheck = 0730;
				ORGANIZATIONNAME = "Stanly Shiyanovskiy";
				TargetAttributes = {
					52EC70A21D057F62001F8047 = {
						CreatedOnToolsVersion = 7.3.1;
					};
					52EC70BB1D057F62001F8047 = {
						CreatedOnToolsVersion = 7.3.1;
						TestTargetID = 52EC70A21D057F62001F8047;
					};
					52EC70C61D057F62001F8047 = {
						CreatedOnToolsVersion = 7.3.1;
						TestTargetID = 52EC70A21D057F62001F8047;
					};
				};
			};
			buildConfigurationList = 52EC709E1D057F61001F8047 /* Build configuration list for PBXProject "45_Client_Server_APIs_DZ" */;
			compatibilityVersion = "Xcode 3.2";
			developmentRegion = English;
			hasScannedForEncodings = 0;
			knownRegions = (
				en,
				Base,
			);
			mainGroup = 52EC709A1D057F61001F8047;
			productRefGroup = 52EC70A41D057F62001F8047 /* Products */;
			projectDirPath = "";
			projectRoot = "";
			targets = (
				52EC70A21D057F62001F8047 /* 45_Client_Server_APIs_DZ */,
				52EC70BB1D057F62001F8047 /* 45_Client_Server_APIs_DZTests */,
				52EC70C61D057F62001F8047 /* 45_Client_Server_APIs_DZUITests */,
			);
		};
/* End PBXProject section */

/* Begin PBXResourcesBuildPhase section */
		52EC70A11D057F62001F8047 /* Resources */ = {
			isa = PBXResourcesBuildPhase;
			buildActionMask = 2147483647;
			files = (
				52EC70B61D057F62001F8047 /* LaunchScreen.storyboard in Resources */,
				52EC70E51D0590B9001F8047 /* preview.gif in Resources */,
				52EC70B31D057F62001F8047 /* Assets.xcassets in Resources */,
				52EC70E91D059352001F8047 /* preview_50.png in Resources */,
				52EC70B11D057F62001F8047 /* Main.storyboard in Resources */,
			);
			runOnlyForDeploymentPostprocessing = 0;
		};
		52EC70BA1D057F62001F8047 /* Resources */ = {
			isa = PBXResourcesBuildPhase;
			buildActionMask = 2147483647;
			files = (
			);
			runOnlyForDeploymentPostprocessing = 0;
		};
		52EC70C51D057F62001F8047 /* Resources */ = {
			isa = PBXResourcesBuildPhase;
			buildActionMask = 2147483647;
			files = (
			);
			runOnlyForDeploymentPostprocessing = 0;
		};
/* End PBXResourcesBuildPhase section */

/* Begin PBXShellScriptBuildPhase section */
		8B91C4D7150D781E819DDF51 /* [CP] Embed Pods Frameworks */ = {
			isa = PBXShellScriptBuildPhase;
			buildActionMask = 2147483647;
			files = (
			);
			inputPaths = (
			);
			name = "[CP] Embed Pods Frameworks";
			outputPaths = (
			);
			runOnlyForDeploymentPostprocessing = 0;
			shellPath = /bin/sh;
			shellScript = "\"${SRCROOT}/Pods/Target Support Files/Pods-45_Client_Server_APIs_DZ/Pods-45_Client_Server_APIs_DZ-frameworks.sh\"\n";
			showEnvVarsInLog = 0;
		};
		95807DEE3A133A424577902C /* [CP] Copy Pods Resources */ = {
			isa = PBXShellScriptBuildPhase;
			buildActionMask = 2147483647;
			files = (
			);
			inputPaths = (
			);
			name = "[CP] Copy Pods Resources";
			outputPaths = (
			);
			runOnlyForDeploymentPostprocessing = 0;
			shellPath = /bin/sh;
			shellScript = "\"${SRCROOT}/Pods/Target Support Files/Pods-45_Client_Server_APIs_DZ/Pods-45_Client_Server_APIs_DZ-resources.sh\"\n";
			showEnvVarsInLog = 0;
		};
		A8EBF7A3233127828797004E /* [CP] Check Pods Manifest.lock */ = {
			isa = PBXShellScriptBuildPhase;
			buildActionMask = 2147483647;
			files = (
			);
			inputPaths = (
			);
			name = "[CP] Check Pods Manifest.lock";
			outputPaths = (
			);
			runOnlyForDeploymentPostprocessing = 0;
			shellPath = /bin/sh;
			shellScript = "diff \"${PODS_ROOT}/../Podfile.lock\" \"${PODS_ROOT}/Manifest.lock\" > /dev/null\nif [[ $? != 0 ]] ; then\n    cat << EOM\nerror: The sandbox is not in sync with the Podfile.lock. Run 'pod install' or update your CocoaPods installation.\nEOM\n    exit 1\nfi\n";
			showEnvVarsInLog = 0;
		};
/* End PBXShellScriptBuildPhase section */

/* Begin PBXSourcesBuildPhase section */
		52EC709F1D057F62001F8047 /* Sources */ = {
			isa = PBXSourcesBuildPhase;
			buildActionMask = 2147483647;
			files = (
				52EC70DB1D057FCE001F8047 /* SiSFriendsTableViewController.m in Sources */,
				52EC713B1D09E0AD001F8047 /* SiSButtonTableViewCell.m in Sources */,
				52EC70AB1D057F62001F8047 /* AppDelegate.m in Sources */,
				523F93B51D106597007203C0 /* SiSPostCell.m in Sources */,
				52EC70EF1D06CE4A001F8047 /* SiSInfoCellTableViewCell.m in Sources */,
				52EC71421D0AA9D2001F8047 /* SiSFollowers.m in Sources */,
				52EC71481D0AC6A8001F8047 /* SiSDefaultFrinedCell.m in Sources */,
				523F93B21D1062D8007203C0 /* SiSPost.m in Sources */,
				52EC70E31D058B3A001F8047 /* SiSFriend.m in Sources */,
				52EC71451D0AAB63001F8047 /* SiSSubscriptions.m in Sources */,
				52EC70DE1D058284001F8047 /* SiSServerManager.m in Sources */,
				523F93AF1D0EB11A007203C0 /* SiSGroup.m in Sources */,
				52EC70EC1D05E92A001F8047 /* SiSFriendDetails.m in Sources */,
				52EC70A81D057F62001F8047 /* main.m in Sources */,
			);
			runOnlyForDeploymentPostprocessing = 0;
		};
		52EC70B81D057F62001F8047 /* Sources */ = {
			isa = PBXSourcesBuildPhase;
			buildActionMask = 2147483647;
			files = (
				52EC70C11D057F62001F8047 /* _5_Client_Server_APIs_DZTests.m in Sources */,
			);
			runOnlyForDeploymentPostprocessing = 0;
		};
		52EC70C31D057F62001F8047 /* Sources */ = {
			isa = PBXSourcesBuildPhase;
			buildActionMask = 2147483647;
			files = (
				52EC70CC1D057F62001F8047 /* _5_Client_Server_APIs_DZUITests.m in Sources */,
			);
			runOnlyForDeploymentPostprocessing = 0;
		};
/* End PBXSourcesBuildPhase section */

/* Begin PBXTargetDependency section */
		52EC70BE1D057F62001F8047 /* PBXTargetDependency */ = {
			isa = PBXTargetDependency;
			target = 52EC70A21D057F62001F8047 /* 45_Client_Server_APIs_DZ */;
			targetProxy = 52EC70BD1D057F62001F8047 /* PBXContainerItemProxy */;
		};
		52EC70C91D057F62001F8047 /* PBXTargetDependency */ = {
			isa = PBXTargetDependency;
			target = 52EC70A21D057F62001F8047 /* 45_Client_Server_APIs_DZ */;
			targetProxy = 52EC70C81D057F62001F8047 /* PBXContainerItemProxy */;
		};
/* End PBXTargetDependency section */

/* Begin PBXVariantGroup section */
		52EC70AF1D057F62001F8047 /* Main.storyboard */ = {
			isa = PBXVariantGroup;
			children = (
				52EC70B01D057F62001F8047 /* Base */,
			);
			name = Main.storyboard;
			sourceTree = "<group>";
		};
		52EC70B41D057F62001F8047 /* LaunchScreen.storyboard */ = {
			isa = PBXVariantGroup;
			children = (
				52EC70B51D057F62001F8047 /* Base */,
			);
			name = LaunchScreen.storyboard;
			sourceTree = "<group>";
		};
/* End PBXVariantGroup section */

/* Begin XCBuildConfiguration section */
		52EC70CE1D057F62001F8047 /* Debug */ = {
			isa = XCBuildConfiguration;
			buildSettings = {
				ALWAYS_SEARCH_USER_PATHS = NO;
				CLANG_ANALYZER_NONNULL = YES;
				CLANG_CXX_LANGUAGE_STANDARD = "gnu++0x";
				CLANG_CXX_LIBRARY = "libc++";
				CLANG_ENABLE_MODULES = YES;
				CLANG_ENABLE_OBJC_ARC = YES;
				CLANG_WARN_BOOL_CONVERSION = YES;
				CLANG_WARN_CONSTANT_CONVERSION = YES;
				CLANG_WARN_DIRECT_OBJC_ISA_USAGE = YES_ERROR;
				CLANG_WARN_EMPTY_BODY = YES;
				CLANG_WARN_ENUM_CONVERSION = YES;
				CLANG_WARN_INT_CONVERSION = YES;
				CLANG_WARN_OBJC_ROOT_CLASS = YES_ERROR;
				CLANG_WARN_UNREACHABLE_CODE = YES;
				CLANG_WARN__DUPLICATE_METHOD_MATCH = YES;
				"CODE_SIGN_IDENTITY[sdk=iphoneos*]" = "iPhone Developer";
				COPY_PHASE_STRIP = NO;
				DEBUG_INFORMATION_FORMAT = dwarf;
				ENABLE_STRICT_OBJC_MSGSEND = YES;
				ENABLE_TESTABILITY = YES;
				GCC_C_LANGUAGE_STANDARD = gnu99;
				GCC_DYNAMIC_NO_PIC = NO;
				GCC_NO_COMMON_BLOCKS = YES;
				GCC_OPTIMIZATION_LEVEL = 0;
				GCC_PREPROCESSOR_DEFINITIONS = (
					"DEBUG=1",
					"$(inherited)",
				);
				GCC_WARN_64_TO_32_BIT_CONVERSION = YES;
				GCC_WARN_ABOUT_RETURN_TYPE = YES_ERROR;
				GCC_WARN_UNDECLARED_SELECTOR = YES;
				GCC_WARN_UNINITIALIZED_AUTOS = YES_AGGRESSIVE;
				GCC_WARN_UNUSED_FUNCTION = YES;
				GCC_WARN_UNUSED_VARIABLE = YES;
				IPHONEOS_DEPLOYMENT_TARGET = 9.3;
				MTL_ENABLE_DEBUG_INFO = YES;
				ONLY_ACTIVE_ARCH = YES;
				SDKROOT = iphoneos;
				TARGETED_DEVICE_FAMILY = "1,2";
			};
			name = Debug;
		};
		52EC70CF1D057F62001F8047 /* Release */ = {
			isa = XCBuildConfiguration;
			buildSettings = {
				ALWAYS_SEARCH_USER_PATHS = NO;
				CLANG_ANALYZER_NONNULL = YES;
				CLANG_CXX_LANGUAGE_STANDARD = "gnu++0x";
				CLANG_CXX_LIBRARY = "libc++";
				CLANG_ENABLE_MODULES = YES;
				CLANG_ENABLE_OBJC_ARC = YES;
				CLANG_WARN_BOOL_CONVERSION = YES;
				CLANG_WARN_CONSTANT_CONVERSION = YES;
				CLANG_WARN_DIRECT_OBJC_ISA_USAGE = YES_ERROR;
				CLANG_WARN_EMPTY_BODY = YES;
				CLANG_WARN_ENUM_CONVERSION = YES;
				CLANG_WARN_INT_CONVERSION = YES;
				CLANG_WARN_OBJC_ROOT_CLASS = YES_ERROR;
				CLANG_WARN_UNREACHABLE_CODE = YES;
				CLANG_WARN__DUPLICATE_METHOD_MATCH = YES;
				"CODE_SIGN_IDENTITY[sdk=iphoneos*]" = "iPhone Developer";
				COPY_PHASE_STRIP = NO;
				DEBUG_INFORMATION_FORMAT = "dwarf-with-dsym";
				ENABLE_NS_ASSERTIONS = NO;
				ENABLE_STRICT_OBJC_MSGSEND = YES;
				GCC_C_LANGUAGE_STANDARD = gnu99;
				GCC_NO_COMMON_BLOCKS = YES;
				GCC_WARN_64_TO_32_BIT_CONVERSION = YES;
				GCC_WARN_ABOUT_RETURN_TYPE = YES_ERROR;
				GCC_WARN_UNDECLARED_SELECTOR = YES;
				GCC_WARN_UNINITIALIZED_AUTOS = YES_AGGRESSIVE;
				GCC_WARN_UNUSED_FUNCTION = YES;
				GCC_WARN_UNUSED_VARIABLE = YES;
				IPHONEOS_DEPLOYMENT_TARGET = 9.3;
				MTL_ENABLE_DEBUG_INFO = NO;
				SDKROOT = iphoneos;
				TARGETED_DEVICE_FAMILY = "1,2";
				VALIDATE_PRODUCT = YES;
			};
			name = Release;
		};
		52EC70D11D057F62001F8047 /* Debug */ = {
			isa = XCBuildConfiguration;
			baseConfigurationReference = AEB163A1AC8A8AD10F9C7E8D /* Pods-45_Client_Server_APIs_DZ.debug.xcconfig */;
			buildSettings = {
				ASSETCATALOG_COMPILER_APPICON_NAME = AppIcon;
				INFOPLIST_FILE = 45_Client_Server_APIs_DZ/Info.plist;
				LD_RUNPATH_SEARCH_PATHS = "$(inherited) @executable_path/Frameworks";
				PRODUCT_BUNDLE_IDENTIFIER = "SiS.-5-Client-Server-APIs-DZ";
				PRODUCT_NAME = "$(TARGET_NAME)";
			};
			name = Debug;
		};
		52EC70D21D057F62001F8047 /* Release */ = {
			isa = XCBuildConfiguration;
			baseConfigurationReference = 9D005A4EC463EFB8D928A4FB /* Pods-45_Client_Server_APIs_DZ.release.xcconfig */;
			buildSettings = {
				ASSETCATALOG_COMPILER_APPICON_NAME = AppIcon;
				INFOPLIST_FILE = 45_Client_Server_APIs_DZ/Info.plist;
				LD_RUNPATH_SEARCH_PATHS = "$(inherited) @executable_path/Frameworks";
				PRODUCT_BUNDLE_IDENTIFIER = "SiS.-5-Client-Server-APIs-DZ";
				PRODUCT_NAME = "$(TARGET_NAME)";
			};
			name = Release;
		};
		52EC70D41D057F62001F8047 /* Debug */ = {
			isa = XCBuildConfiguration;
			buildSettings = {
				BUNDLE_LOADER = "$(TEST_HOST)";
				INFOPLIST_FILE = 45_Client_Server_APIs_DZTests/Info.plist;
				LD_RUNPATH_SEARCH_PATHS = "$(inherited) @executable_path/Frameworks @loader_path/Frameworks";
				PRODUCT_BUNDLE_IDENTIFIER = "SiS.-5-Client-Server-APIs-DZTests";
				PRODUCT_NAME = "$(TARGET_NAME)";
				TEST_HOST = "$(BUILT_PRODUCTS_DIR)/45_Client_Server_APIs_DZ.app/45_Client_Server_APIs_DZ";
			};
			name = Debug;
		};
		52EC70D51D057F62001F8047 /* Release */ = {
			isa = XCBuildConfiguration;
			buildSettings = {
				BUNDLE_LOADER = "$(TEST_HOST)";
				INFOPLIST_FILE = 45_Client_Server_APIs_DZTests/Info.plist;
				LD_RUNPATH_SEARCH_PATHS = "$(inherited) @executable_path/Frameworks @loader_path/Frameworks";
				PRODUCT_BUNDLE_IDENTIFIER = "SiS.-5-Client-Server-APIs-DZTests";
				PRODUCT_NAME = "$(TARGET_NAME)";
				TEST_HOST = "$(BUILT_PRODUCTS_DIR)/45_Client_Server_APIs_DZ.app/45_Client_Server_APIs_DZ";
			};
			name = Release;
		};
		52EC70D71D057F62001F8047 /* Debug */ = {
			isa = XCBuildConfiguration;
			buildSettings = {
				INFOPLIST_FILE = 45_Client_Server_APIs_DZUITests/Info.plist;
				LD_RUNPATH_SEARCH_PATHS = "$(inherited) @executable_path/Frameworks @loader_path/Frameworks";
				PRODUCT_BUNDLE_IDENTIFIER = "SiS.-5-Client-Server-APIs-DZUITests";
				PRODUCT_NAME = "$(TARGET_NAME)";
				TEST_TARGET_NAME = 45_Client_Server_APIs_DZ;
			};
			name = Debug;
		};
		52EC70D81D057F62001F8047 /* Release */ = {
			isa = XCBuildConfiguration;
			buildSettings = {
				INFOPLIST_FILE = 45_Client_Server_APIs_DZUITests/Info.plist;
				LD_RUNPATH_SEARCH_PATHS = "$(inherited) @executable_path/Frameworks @loader_path/Frameworks";
				PRODUCT_BUNDLE_IDENTIFIER = "SiS.-5-Client-Server-APIs-DZUITests";
				PRODUCT_NAME = "$(TARGET_NAME)";
				TEST_TARGET_NAME = 45_Client_Server_APIs_DZ;
			};
			name = Release;
		};
/* End XCBuildConfiguration section */

/* Begin XCConfigurationList section */
		52EC709E1D057F61001F8047 /* Build configuration list for PBXProject "45_Client_Server_APIs_DZ" */ = {
			isa = XCConfigurationList;
			buildConfigurations = (
				52EC70CE1D057F62001F8047 /* Debug */,
				52EC70CF1D057F62001F8047 /* Release */,
			);
			defaultConfigurationIsVisible = 0;
			defaultConfigurationName = Release;
		};
		52EC70D01D057F62001F8047 /* Build configuration list for PBXNativeTarget "45_Client_Server_APIs_DZ" */ = {
			isa = XCConfigurationList;
			buildConfigurations = (
				52EC70D11D057F62001F8047 /* Debug */,
				52EC70D21D057F62001F8047 /* Release */,
			);
			defaultConfigurationIsVisible = 0;
			defaultConfigurationName = Release;
		};
		52EC70D31D057F62001F8047 /* Build configuration list for PBXNativeTarget "45_Client_Server_APIs_DZTests" */ = {
			isa = XCConfigurationList;
			buildConfigurations = (
				52EC70D41D057F62001F8047 /* Debug */,
				52EC70D51D057F62001F8047 /* Release */,
			);
			defaultConfigurationIsVisible = 0;
			defaultConfigurationName = Release;
		};
		52EC70D61D057F62001F8047 /* Build configuration list for PBXNativeTarget "45_Client_Server_APIs_DZUITests" */ = {
			isa = XCConfigurationList;
			buildConfigurations = (
				52EC70D71D057F62001F8047 /* Debug */,
				52EC70D81D057F62001F8047 /* Release */,
			);
			defaultConfigurationIsVisible = 0;
			defaultConfigurationName = Release;
		};
/* End XCConfigurationList section */
	};
	rootObject = 52EC709B1D057F61001F8047 /* Project object */;
}
